// !$*UTF8*$!
{
	archiveVersion = 1;
	classes = {
	};
	objectVersion = 51;
	objects = {

/* Begin PBXBuildFile section */
		58143E9A6EDD32F165431D01 /* Pods_MapsGB.framework in Frameworks */ = {isa = PBXBuildFile; fileRef = 576991D91A2DA6C5CA490853 /* Pods_MapsGB.framework */; };
		7C467F3926D5157600982D27 /* AppDelegate.swift in Sources */ = {isa = PBXBuildFile; fileRef = 7C467F3826D5157600982D27 /* AppDelegate.swift */; };
		7C467F3B26D5157600982D27 /* SceneDelegate.swift in Sources */ = {isa = PBXBuildFile; fileRef = 7C467F3A26D5157600982D27 /* SceneDelegate.swift */; };
		7C467F4026D5157600982D27 /* Main.storyboard in Resources */ = {isa = PBXBuildFile; fileRef = 7C467F3E26D5157600982D27 /* Main.storyboard */; };
		7C467F4226D5157900982D27 /* Assets.xcassets in Resources */ = {isa = PBXBuildFile; fileRef = 7C467F4126D5157900982D27 /* Assets.xcassets */; };
		7C467F4526D5157900982D27 /* LaunchScreen.storyboard in Resources */ = {isa = PBXBuildFile; fileRef = 7C467F4326D5157900982D27 /* LaunchScreen.storyboard */; };
		7C467F4F26D528D700982D27 /* style.json in Resources */ = {isa = PBXBuildFile; fileRef = 7C467F4E26D528D700982D27 /* style.json */; };
		7CB668DA26E663F100734F6A /* LocationManager.swift in Sources */ = {isa = PBXBuildFile; fileRef = 7CB668D926E663F100734F6A /* LocationManager.swift */; };
		7CE2944C26D7C2B2000FCD1E /* MapViewController.swift in Sources */ = {isa = PBXBuildFile; fileRef = 7C467F4C26D517F200982D27 /* MapViewController.swift */; };
		7CE2944F26D91154000FCD1E /* RouteStorage.swift in Sources */ = {isa = PBXBuildFile; fileRef = 7CE2944E26D91154000FCD1E /* RouteStorage.swift */; };
		7CE2945226D91276000FCD1E /* Location.swift in Sources */ = {isa = PBXBuildFile; fileRef = 7CE2945126D91276000FCD1E /* Location.swift */; };
		7CE2945426D91B41000FCD1E /* UiAlert.swift in Sources */ = {isa = PBXBuildFile; fileRef = 7CE2945326D91B41000FCD1E /* UiAlert.swift */; };
		7CE2945826DE4F12000FCD1E /* Auth.storyboard in Resources */ = {isa = PBXBuildFile; fileRef = 7CE2945726DE4F12000FCD1E /* Auth.storyboard */; };
		7CE2945A26DE4F2C000FCD1E /* LoginViewController.swift in Sources */ = {isa = PBXBuildFile; fileRef = 7CE2945926DE4F2C000FCD1E /* LoginViewController.swift */; };
		7CE2945C26DE4F8D000FCD1E /* RecoveryPasswordViewController.swift in Sources */ = {isa = PBXBuildFile; fileRef = 7CE2945B26DE4F8D000FCD1E /* RecoveryPasswordViewController.swift */; };
		7CE2945E26DE5139000FCD1E /* MainViewController.swift in Sources */ = {isa = PBXBuildFile; fileRef = 7CE2945D26DE5139000FCD1E /* MainViewController.swift */; };
		7CE2946226DE8D00000FCD1E /* Launch.storyboard in Resources */ = {isa = PBXBuildFile; fileRef = 7CE2946126DE8D00000FCD1E /* Launch.storyboard */; };
		7CE2946426DE8D20000FCD1E /* RootSegue.swift in Sources */ = {isa = PBXBuildFile; fileRef = 7CE2946326DE8D20000FCD1E /* RootSegue.swift */; };
		7CE2946626DE8D32000FCD1E /* Launch.swift in Sources */ = {isa = PBXBuildFile; fileRef = 7CE2946526DE8D32000FCD1E /* Launch.swift */; };
		7CE2946926DFC067000FCD1E /* UiWindow + keyWindow.swift in Sources */ = {isa = PBXBuildFile; fileRef = 7CE2946826DFC067000FCD1E /* UiWindow + keyWindow.swift */; };
		7CE2946B26DFC3C5000FCD1E /* BaseRouter.swift in Sources */ = {isa = PBXBuildFile; fileRef = 7CE2946A26DFC3C5000FCD1E /* BaseRouter.swift */; };
		7CE2946D26E0DB48000FCD1E /* User.swift in Sources */ = {isa = PBXBuildFile; fileRef = 7CE2946C26E0DB48000FCD1E /* User.swift */; };
		7CE2946F26E0DF4A000FCD1E /* UserStorage.swift in Sources */ = {isa = PBXBuildFile; fileRef = 7CE2946E26E0DF4A000FCD1E /* UserStorage.swift */; };
/* End PBXBuildFile section */

/* Begin PBXFileReference section */
		576991D91A2DA6C5CA490853 /* Pods_MapsGB.framework */ = {isa = PBXFileReference; explicitFileType = wrapper.framework; includeInIndex = 0; path = Pods_MapsGB.framework; sourceTree = BUILT_PRODUCTS_DIR; };
		7C467F3526D5157600982D27 /* MapsGB.app */ = {isa = PBXFileReference; explicitFileType = wrapper.application; includeInIndex = 0; path = MapsGB.app; sourceTree = BUILT_PRODUCTS_DIR; };
		7C467F3826D5157600982D27 /* AppDelegate.swift */ = {isa = PBXFileReference; lastKnownFileType = sourcecode.swift; path = AppDelegate.swift; sourceTree = "<group>"; };
		7C467F3A26D5157600982D27 /* SceneDelegate.swift */ = {isa = PBXFileReference; lastKnownFileType = sourcecode.swift; path = SceneDelegate.swift; sourceTree = "<group>"; };
		7C467F3F26D5157600982D27 /* Base */ = {isa = PBXFileReference; lastKnownFileType = file.storyboard; name = Base; path = Base.lproj/Main.storyboard; sourceTree = "<group>"; };
		7C467F4126D5157900982D27 /* Assets.xcassets */ = {isa = PBXFileReference; lastKnownFileType = folder.assetcatalog; path = Assets.xcassets; sourceTree = "<group>"; };
		7C467F4426D5157900982D27 /* Base */ = {isa = PBXFileReference; lastKnownFileType = file.storyboard; name = Base; path = Base.lproj/LaunchScreen.storyboard; sourceTree = "<group>"; };
		7C467F4626D5157900982D27 /* Info.plist */ = {isa = PBXFileReference; lastKnownFileType = text.plist.xml; path = Info.plist; sourceTree = "<group>"; };
		7C467F4C26D517F200982D27 /* MapViewController.swift */ = {isa = PBXFileReference; lastKnownFileType = sourcecode.swift; path = MapViewController.swift; sourceTree = "<group>"; };
		7C467F4E26D528D700982D27 /* style.json */ = {isa = PBXFileReference; fileEncoding = 4; lastKnownFileType = text.json; path = style.json; sourceTree = "<group>"; };
		7CB668D926E663F100734F6A /* LocationManager.swift */ = {isa = PBXFileReference; lastKnownFileType = sourcecode.swift; path = LocationManager.swift; sourceTree = "<group>"; };
		7CE2944E26D91154000FCD1E /* RouteStorage.swift */ = {isa = PBXFileReference; lastKnownFileType = sourcecode.swift; path = RouteStorage.swift; sourceTree = "<group>"; };
		7CE2945126D91276000FCD1E /* Location.swift */ = {isa = PBXFileReference; lastKnownFileType = sourcecode.swift; path = Location.swift; sourceTree = "<group>"; };
		7CE2945326D91B41000FCD1E /* UiAlert.swift */ = {isa = PBXFileReference; lastKnownFileType = sourcecode.swift; path = UiAlert.swift; sourceTree = "<group>"; };
		7CE2945726DE4F12000FCD1E /* Auth.storyboard */ = {isa = PBXFileReference; lastKnownFileType = file.storyboard; path = Auth.storyboard; sourceTree = "<group>"; };
		7CE2945926DE4F2C000FCD1E /* LoginViewController.swift */ = {isa = PBXFileReference; lastKnownFileType = sourcecode.swift; path = LoginViewController.swift; sourceTree = "<group>"; };
		7CE2945B26DE4F8D000FCD1E /* RecoveryPasswordViewController.swift */ = {isa = PBXFileReference; lastKnownFileType = sourcecode.swift; path = RecoveryPasswordViewController.swift; sourceTree = "<group>"; };
		7CE2945D26DE5139000FCD1E /* MainViewController.swift */ = {isa = PBXFileReference; lastKnownFileType = sourcecode.swift; path = MainViewController.swift; sourceTree = "<group>"; };
		7CE2946126DE8D00000FCD1E /* Launch.storyboard */ = {isa = PBXFileReference; lastKnownFileType = file.storyboard; path = Launch.storyboard; sourceTree = "<group>"; };
		7CE2946326DE8D20000FCD1E /* RootSegue.swift */ = {isa = PBXFileReference; lastKnownFileType = sourcecode.swift; path = RootSegue.swift; sourceTree = "<group>"; };
		7CE2946526DE8D32000FCD1E /* Launch.swift */ = {isa = PBXFileReference; lastKnownFileType = sourcecode.swift; path = Launch.swift; sourceTree = "<group>"; };
		7CE2946826DFC067000FCD1E /* UiWindow + keyWindow.swift */ = {isa = PBXFileReference; lastKnownFileType = sourcecode.swift; path = "UiWindow + keyWindow.swift"; sourceTree = "<group>"; };
		7CE2946A26DFC3C5000FCD1E /* BaseRouter.swift */ = {isa = PBXFileReference; lastKnownFileType = sourcecode.swift; path = BaseRouter.swift; sourceTree = "<group>"; };
		7CE2946C26E0DB48000FCD1E /* User.swift */ = {isa = PBXFileReference; lastKnownFileType = sourcecode.swift; path = User.swift; sourceTree = "<group>"; };
		7CE2946E26E0DF4A000FCD1E /* UserStorage.swift */ = {isa = PBXFileReference; lastKnownFileType = sourcecode.swift; path = UserStorage.swift; sourceTree = "<group>"; };
		ACAB7EEC6C7E18A1DCF1642F /* Pods-MapsGB.release.xcconfig */ = {isa = PBXFileReference; includeInIndex = 1; lastKnownFileType = text.xcconfig; name = "Pods-MapsGB.release.xcconfig"; path = "Target Support Files/Pods-MapsGB/Pods-MapsGB.release.xcconfig"; sourceTree = "<group>"; };
		D9198D5F23945E38F75A1D0F /* Pods-MapsGB.debug.xcconfig */ = {isa = PBXFileReference; includeInIndex = 1; lastKnownFileType = text.xcconfig; name = "Pods-MapsGB.debug.xcconfig"; path = "Target Support Files/Pods-MapsGB/Pods-MapsGB.debug.xcconfig"; sourceTree = "<group>"; };
/* End PBXFileReference section */

/* Begin PBXFrameworksBuildPhase section */
		7C467F3226D5157600982D27 /* Frameworks */ = {
			isa = PBXFrameworksBuildPhase;
			buildActionMask = 2147483647;
			files = (
				58143E9A6EDD32F165431D01 /* Pods_MapsGB.framework in Frameworks */,
			);
			runOnlyForDeploymentPostprocessing = 0;
		};
/* End PBXFrameworksBuildPhase section */

/* Begin PBXGroup section */
		7C467F2C26D5157600982D27 = {
			isa = PBXGroup;
			children = (
				7C467F3726D5157600982D27 /* MapsGB */,
				7C467F3626D5157600982D27 /* Products */,
				D08F63A5747622D96CD852C7 /* Pods */,
				8E367AA17521EBDB0E6E2A5D /* Frameworks */,
			);
			sourceTree = "<group>";
		};
		7C467F3626D5157600982D27 /* Products */ = {
			isa = PBXGroup;
			children = (
				7C467F3526D5157600982D27 /* MapsGB.app */,
			);
			name = Products;
			sourceTree = "<group>";
		};
		7C467F3726D5157600982D27 /* MapsGB */ = {
			isa = PBXGroup;
			children = (
				7CE2945F26DE8CD5000FCD1E /* Flows */,
				7CE2945026D91268000FCD1E /* Models */,
				7CE2944D26D9113C000FCD1E /* Realm */,
				7C467F4E26D528D700982D27 /* style.json */,
				7C467F3826D5157600982D27 /* AppDelegate.swift */,
				7C467F3A26D5157600982D27 /* SceneDelegate.swift */,
				7C467F4126D5157900982D27 /* Assets.xcassets */,
				7C467F4326D5157900982D27 /* LaunchScreen.storyboard */,
				7C467F4626D5157900982D27 /* Info.plist */,
				7CB668D926E663F100734F6A /* LocationManager.swift */,
			);
			path = MapsGB;
			sourceTree = "<group>";
		};
		7CE2944D26D9113C000FCD1E /* Realm */ = {
			isa = PBXGroup;
			children = (
				7CE2944E26D91154000FCD1E /* RouteStorage.swift */,
				7CE2946E26E0DF4A000FCD1E /* UserStorage.swift */,
			);
			path = Realm;
			sourceTree = "<group>";
		};
		7CE2945026D91268000FCD1E /* Models */ = {
			isa = PBXGroup;
			children = (
				7CE2945126D91276000FCD1E /* Location.swift */,
				7CE2946C26E0DB48000FCD1E /* User.swift */,
				7CE2945326D91B41000FCD1E /* UiAlert.swift */,
			);
			path = Models;
			sourceTree = "<group>";
		};
		7CE2945526DE4E57000FCD1E /* Main */ = {
			isa = PBXGroup;
			children = (
				7C467F3E26D5157600982D27 /* Main.storyboard */,
				7C467F4C26D517F200982D27 /* MapViewController.swift */,
				7CE2945D26DE5139000FCD1E /* MainViewController.swift */,
			);
			path = Main;
			sourceTree = "<group>";
		};
		7CE2945626DE4E62000FCD1E /* Auth */ = {
			isa = PBXGroup;
			children = (
				7CE2945726DE4F12000FCD1E /* Auth.storyboard */,
				7CE2945926DE4F2C000FCD1E /* LoginViewController.swift */,
				7CE2945B26DE4F8D000FCD1E /* RecoveryPasswordViewController.swift */,
			);
			path = Auth;
			sourceTree = "<group>";
		};
		7CE2945F26DE8CD5000FCD1E /* Flows */ = {
			isa = PBXGroup;
			children = (
				7CE2946726DFC043000FCD1E /* Core */,
				7CE2946026DE8CE3000FCD1E /* Launch */,
				7CE2945626DE4E62000FCD1E /* Auth */,
				7CE2945526DE4E57000FCD1E /* Main */,
			);
			path = Flows;
			sourceTree = "<group>";
		};
		7CE2946026DE8CE3000FCD1E /* Launch */ = {
			isa = PBXGroup;
			children = (
				7CE2946126DE8D00000FCD1E /* Launch.storyboard */,
				7CE2946526DE8D32000FCD1E /* Launch.swift */,
				7CE2946326DE8D20000FCD1E /* RootSegue.swift */,
			);
			path = Launch;
			sourceTree = "<group>";
		};
		7CE2946726DFC043000FCD1E /* Core */ = {
			isa = PBXGroup;
			children = (
				7CE2946826DFC067000FCD1E /* UiWindow + keyWindow.swift */,
				7CE2946A26DFC3C5000FCD1E /* BaseRouter.swift */,
			);
			path = Core;
			sourceTree = "<group>";
		};
		8E367AA17521EBDB0E6E2A5D /* Frameworks */ = {
			isa = PBXGroup;
			children = (
				576991D91A2DA6C5CA490853 /* Pods_MapsGB.framework */,
			);
			name = Frameworks;
			sourceTree = "<group>";
		};
		D08F63A5747622D96CD852C7 /* Pods */ = {
			isa = PBXGroup;
			children = (
				D9198D5F23945E38F75A1D0F /* Pods-MapsGB.debug.xcconfig */,
				ACAB7EEC6C7E18A1DCF1642F /* Pods-MapsGB.release.xcconfig */,
			);
			path = Pods;
			sourceTree = "<group>";
		};
/* End PBXGroup section */

/* Begin PBXNativeTarget section */
		7C467F3426D5157600982D27 /* MapsGB */ = {
			isa = PBXNativeTarget;
			buildConfigurationList = 7C467F4926D5157900982D27 /* Build configuration list for PBXNativeTarget "MapsGB" */;
			buildPhases = (
				873414659CC7AF2482815C61 /* [CP] Check Pods Manifest.lock */,
				7C467F3126D5157600982D27 /* Sources */,
				7C467F3226D5157600982D27 /* Frameworks */,
				7C467F3326D5157600982D27 /* Resources */,
				B7A39CF0A39F26E981527F22 /* [CP] Copy Pods Resources */,
				2A00273AB4B711EE74D5A7B4 /* [CP] Embed Pods Frameworks */,
			);
			buildRules = (
			);
			dependencies = (
			);
			name = MapsGB;
			productName = MapsGB;
			productReference = 7C467F3526D5157600982D27 /* MapsGB.app */;
			productType = "com.apple.product-type.application";
		};
/* End PBXNativeTarget section */

/* Begin PBXProject section */
		7C467F2D26D5157600982D27 /* Project object */ = {
			isa = PBXProject;
			attributes = {
				LastSwiftUpdateCheck = 1250;
				LastUpgradeCheck = 1250;
				TargetAttributes = {
					7C467F3426D5157600982D27 = {
						CreatedOnToolsVersion = 12.5.1;
					};
				};
			};
			buildConfigurationList = 7C467F3026D5157600982D27 /* Build configuration list for PBXProject "MapsGB" */;
			compatibilityVersion = "Xcode 9.3";
			developmentRegion = en;
			hasScannedForEncodings = 0;
			knownRegions = (
				en,
				Base,
			);
			mainGroup = 7C467F2C26D5157600982D27;
			productRefGroup = 7C467F3626D5157600982D27 /* Products */;
			projectDirPath = "";
			projectRoot = "";
			targets = (
				7C467F3426D5157600982D27 /* MapsGB */,
			);
		};
/* End PBXProject section */

/* Begin PBXResourcesBuildPhase section */
		7C467F3326D5157600982D27 /* Resources */ = {
			isa = PBXResourcesBuildPhase;
			buildActionMask = 2147483647;
			files = (
				7C467F4526D5157900982D27 /* LaunchScreen.storyboard in Resources */,
				7C467F4226D5157900982D27 /* Assets.xcassets in Resources */,
				7CE2945826DE4F12000FCD1E /* Auth.storyboard in Resources */,
				7C467F4026D5157600982D27 /* Main.storyboard in Resources */,
				7C467F4F26D528D700982D27 /* style.json in Resources */,
				7CE2946226DE8D00000FCD1E /* Launch.storyboard in Resources */,
			);
			runOnlyForDeploymentPostprocessing = 0;
		};
/* End PBXResourcesBuildPhase section */

/* Begin PBXShellScriptBuildPhase section */
		2A00273AB4B711EE74D5A7B4 /* [CP] Embed Pods Frameworks */ = {
			isa = PBXShellScriptBuildPhase;
			buildActionMask = 2147483647;
			files = (
			);
			inputFileListPaths = (
				"${PODS_ROOT}/Target Support Files/Pods-MapsGB/Pods-MapsGB-frameworks-${CONFIGURATION}-input-files.xcfilelist",
			);
			name = "[CP] Embed Pods Frameworks";
			outputFileListPaths = (
				"${PODS_ROOT}/Target Support Files/Pods-MapsGB/Pods-MapsGB-frameworks-${CONFIGURATION}-output-files.xcfilelist",
			);
			runOnlyForDeploymentPostprocessing = 0;
			shellPath = /bin/sh;
			shellScript = "\"${PODS_ROOT}/Target Support Files/Pods-MapsGB/Pods-MapsGB-frameworks.sh\"\n";
			showEnvVarsInLog = 0;
		};
		873414659CC7AF2482815C61 /* [CP] Check Pods Manifest.lock */ = {
			isa = PBXShellScriptBuildPhase;
			buildActionMask = 2147483647;
			files = (
			);
			inputFileListPaths = (
			);
			inputPaths = (
				"${PODS_PODFILE_DIR_PATH}/Podfile.lock",
				"${PODS_ROOT}/Manifest.lock",
			);
			name = "[CP] Check Pods Manifest.lock";
			outputFileListPaths = (
			);
			outputPaths = (
				"$(DERIVED_FILE_DIR)/Pods-MapsGB-checkManifestLockResult.txt",
			);
			runOnlyForDeploymentPostprocessing = 0;
			shellPath = /bin/sh;
			shellScript = "diff \"${PODS_PODFILE_DIR_PATH}/Podfile.lock\" \"${PODS_ROOT}/Manifest.lock\" > /dev/null\nif [ $? != 0 ] ; then\n    # print error to STDERR\n    echo \"error: The sandbox is not in sync with the Podfile.lock. Run 'pod install' or update your CocoaPods installation.\" >&2\n    exit 1\nfi\n# This output is used by Xcode 'outputs' to avoid re-running this script phase.\necho \"SUCCESS\" > \"${SCRIPT_OUTPUT_FILE_0}\"\n";
			showEnvVarsInLog = 0;
		};
		B7A39CF0A39F26E981527F22 /* [CP] Copy Pods Resources */ = {
			isa = PBXShellScriptBuildPhase;
			buildActionMask = 2147483647;
			files = (
			);
			inputFileListPaths = (
				"${PODS_ROOT}/Target Support Files/Pods-MapsGB/Pods-MapsGB-resources-${CONFIGURATION}-input-files.xcfilelist",
			);
			name = "[CP] Copy Pods Resources";
			outputFileListPaths = (
				"${PODS_ROOT}/Target Support Files/Pods-MapsGB/Pods-MapsGB-resources-${CONFIGURATION}-output-files.xcfilelist",
			);
			runOnlyForDeploymentPostprocessing = 0;
			shellPath = /bin/sh;
			shellScript = "\"${PODS_ROOT}/Target Support Files/Pods-MapsGB/Pods-MapsGB-resources.sh\"\n";
			showEnvVarsInLog = 0;
		};
/* End PBXShellScriptBuildPhase section */

/* Begin PBXSourcesBuildPhase section */
		7C467F3126D5157600982D27 /* Sources */ = {
			isa = PBXSourcesBuildPhase;
			buildActionMask = 2147483647;
			files = (
				7CE2945C26DE4F8D000FCD1E /* RecoveryPasswordViewController.swift in Sources */,
				7CE2945A26DE4F2C000FCD1E /* LoginViewController.swift in Sources */,
				7CE2945426D91B41000FCD1E /* UiAlert.swift in Sources */,
				7CE2946626DE8D32000FCD1E /* Launch.swift in Sources */,
				7CB668DA26E663F100734F6A /* LocationManager.swift in Sources */,
				7C467F3926D5157600982D27 /* AppDelegate.swift in Sources */,
				7CE2944F26D91154000FCD1E /* RouteStorage.swift in Sources */,
				7CE2946D26E0DB48000FCD1E /* User.swift in Sources */,
				7CE2945226D91276000FCD1E /* Location.swift in Sources */,
				7CE2946B26DFC3C5000FCD1E /* BaseRouter.swift in Sources */,
				7CE2945E26DE5139000FCD1E /* MainViewController.swift in Sources */,
				7CE2944C26D7C2B2000FCD1E /* MapViewController.swift in Sources */,
				7C467F3B26D5157600982D27 /* SceneDelegate.swift in Sources */,
				7CE2946426DE8D20000FCD1E /* RootSegue.swift in Sources */,
				7CE2946926DFC067000FCD1E /* UiWindow + keyWindow.swift in Sources */,
				7CE2946F26E0DF4A000FCD1E /* UserStorage.swift in Sources */,
			);
			runOnlyForDeploymentPostprocessing = 0;
		};
/* End PBXSourcesBuildPhase section */

/* Begin PBXVariantGroup section */
		7C467F3E26D5157600982D27 /* Main.storyboard */ = {
			isa = PBXVariantGroup;
			children = (
				7C467F3F26D5157600982D27 /* Base */,
			);
			name = Main.storyboard;
			sourceTree = "<group>";
		};
		7C467F4326D5157900982D27 /* LaunchScreen.storyboard */ = {
			isa = PBXVariantGroup;
			children = (
				7C467F4426D5157900982D27 /* Base */,
			);
			name = LaunchScreen.storyboard;
			sourceTree = "<group>";
		};
/* End PBXVariantGroup section */

/* Begin XCBuildConfiguration section */
		7C467F4726D5157900982D27 /* Debug */ = {
			isa = XCBuildConfiguration;
			buildSettings = {
				ALWAYS_SEARCH_USER_PATHS = NO;
				CLANG_ANALYZER_NONNULL = YES;
				CLANG_ANALYZER_NUMBER_OBJECT_CONVERSION = YES_AGGRESSIVE;
				CLANG_CXX_LANGUAGE_STANDARD = "gnu++14";
				CLANG_CXX_LIBRARY = "libc++";
				CLANG_ENABLE_MODULES = YES;
				CLANG_ENABLE_OBJC_ARC = YES;
				CLANG_ENABLE_OBJC_WEAK = YES;
				CLANG_WARN_BLOCK_CAPTURE_AUTORELEASING = YES;
				CLANG_WARN_BOOL_CONVERSION = YES;
				CLANG_WARN_COMMA = YES;
				CLANG_WARN_CONSTANT_CONVERSION = YES;
				CLANG_WARN_DEPRECATED_OBJC_IMPLEMENTATIONS = YES;
				CLANG_WARN_DIRECT_OBJC_ISA_USAGE = YES_ERROR;
				CLANG_WARN_DOCUMENTATION_COMMENTS = YES;
				CLANG_WARN_EMPTY_BODY = YES;
				CLANG_WARN_ENUM_CONVERSION = YES;
				CLANG_WARN_INFINITE_RECURSION = YES;
				CLANG_WARN_INT_CONVERSION = YES;
				CLANG_WARN_NON_LITERAL_NULL_CONVERSION = YES;
				CLANG_WARN_OBJC_IMPLICIT_RETAIN_SELF = YES;
				CLANG_WARN_OBJC_LITERAL_CONVERSION = YES;
				CLANG_WARN_OBJC_ROOT_CLASS = YES_ERROR;
				CLANG_WARN_QUOTED_INCLUDE_IN_FRAMEWORK_HEADER = YES;
				CLANG_WARN_RANGE_LOOP_ANALYSIS = YES;
				CLANG_WARN_STRICT_PROTOTYPES = YES;
				CLANG_WARN_SUSPICIOUS_MOVE = YES;
				CLANG_WARN_UNGUARDED_AVAILABILITY = YES_AGGRESSIVE;
				CLANG_WARN_UNREACHABLE_CODE = YES;
				CLANG_WARN__DUPLICATE_METHOD_MATCH = YES;
				COPY_PHASE_STRIP = NO;
				DEBUG_INFORMATION_FORMAT = dwarf;
				ENABLE_STRICT_OBJC_MSGSEND = YES;
				ENABLE_TESTABILITY = YES;
				GCC_C_LANGUAGE_STANDARD = gnu11;
				GCC_DYNAMIC_NO_PIC = NO;
				GCC_NO_COMMON_BLOCKS = YES;
				GCC_OPTIMIZATION_LEVEL = 0;
				GCC_PREPROCESSOR_DEFINITIONS = (
					"DEBUG=1",
					"$(inherited)",
				);
				GCC_WARN_64_TO_32_BIT_CONVERSION = YES;
				GCC_WARN_ABOUT_RETURN_TYPE = YES_ERROR;
				GCC_WARN_UNDECLARED_SELECTOR = YES;
				GCC_WARN_UNINITIALIZED_AUTOS = YES_AGGRESSIVE;
				GCC_WARN_UNUSED_FUNCTION = YES;
				GCC_WARN_UNUSED_VARIABLE = YES;
				IPHONEOS_DEPLOYMENT_TARGET = 14.5;
				MTL_ENABLE_DEBUG_INFO = INCLUDE_SOURCE;
				MTL_FAST_MATH = YES;
				ONLY_ACTIVE_ARCH = YES;
				SDKROOT = iphoneos;
				SWIFT_ACTIVE_COMPILATION_CONDITIONS = DEBUG;
				SWIFT_OPTIMIZATION_LEVEL = "-Onone";
			};
			name = Debug;
		};
		7C467F4826D5157900982D27 /* Release */ = {
			isa = XCBuildConfiguration;
			buildSettings = {
				ALWAYS_SEARCH_USER_PATHS = NO;
				CLANG_ANALYZER_NONNULL = YES;
				CLANG_ANALYZER_NUMBER_OBJECT_CONVERSION = YES_AGGRESSIVE;
				CLANG_CXX_LANGUAGE_STANDARD = "gnu++14";
				CLANG_CXX_LIBRARY = "libc++";
				CLANG_ENABLE_MODULES = YES;
				CLANG_ENABLE_OBJC_ARC = YES;
				CLANG_ENABLE_OBJC_WEAK = YES;
				CLANG_WARN_BLOCK_CAPTURE_AUTORELEASING = YES;
				CLANG_WARN_BOOL_CONVERSION = YES;
				CLANG_WARN_COMMA = YES;
				CLANG_WARN_CONSTANT_CONVERSION = YES;
				CLANG_WARN_DEPRECATED_OBJC_IMPLEMENTATIONS = YES;
				CLANG_WARN_DIRECT_OBJC_ISA_USAGE = YES_ERROR;
				CLANG_WARN_DOCUMENTATION_COMMENTS = YES;
				CLANG_WARN_EMPTY_BODY = YES;
				CLANG_WARN_ENUM_CONVERSION = YES;
				CLANG_WARN_INFINITE_RECURSION = YES;
				CLANG_WARN_INT_CONVERSION = YES;
				CLANG_WARN_NON_LITERAL_NULL_CONVERSION = YES;
				CLANG_WARN_OBJC_IMPLICIT_RETAIN_SELF = YES;
				CLANG_WARN_OBJC_LITERAL_CONVERSION = YES;
				CLANG_WARN_OBJC_ROOT_CLASS = YES_ERROR;
				CLANG_WARN_QUOTED_INCLUDE_IN_FRAMEWORK_HEADER = YES;
				CLANG_WARN_RANGE_LOOP_ANALYSIS = YES;
				CLANG_WARN_STRICT_PROTOTYPES = YES;
				CLANG_WARN_SUSPICIOUS_MOVE = YES;
				CLANG_WARN_UNGUARDED_AVAILABILITY = YES_AGGRESSIVE;
				CLANG_WARN_UNREACHABLE_CODE = YES;
				CLANG_WARN__DUPLICATE_METHOD_MATCH = YES;
				COPY_PHASE_STRIP = NO;
				DEBUG_INFORMATION_FORMAT = "dwarf-with-dsym";
				ENABLE_NS_ASSERTIONS = NO;
				ENABLE_STRICT_OBJC_MSGSEND = YES;
				GCC_C_LANGUAGE_STANDARD = gnu11;
				GCC_NO_COMMON_BLOCKS = YES;
				GCC_WARN_64_TO_32_BIT_CONVERSION = YES;
				GCC_WARN_ABOUT_RETURN_TYPE = YES_ERROR;
				GCC_WARN_UNDECLARED_SELECTOR = YES;
				GCC_WARN_UNINITIALIZED_AUTOS = YES_AGGRESSIVE;
				GCC_WARN_UNUSED_FUNCTION = YES;
				GCC_WARN_UNUSED_VARIABLE = YES;
				IPHONEOS_DEPLOYMENT_TARGET = 14.5;
				MTL_ENABLE_DEBUG_INFO = NO;
				MTL_FAST_MATH = YES;
				SDKROOT = iphoneos;
				SWIFT_COMPILATION_MODE = wholemodule;
				SWIFT_OPTIMIZATION_LEVEL = "-O";
				VALIDATE_PRODUCT = YES;
			};
			name = Release;
		};
		7C467F4A26D5157900982D27 /* Debug */ = {
			isa = XCBuildConfiguration;
			baseConfigurationReference = D9198D5F23945E38F75A1D0F /* Pods-MapsGB.debug.xcconfig */;
			buildSettings = {
				ASSETCATALOG_COMPILER_APPICON_NAME = AppIcon;
				ASSETCATALOG_COMPILER_GLOBAL_ACCENT_COLOR_NAME = AccentColor;
				CODE_SIGN_STYLE = Automatic;
				INFOPLIST_FILE = MapsGB/Info.plist;
				LD_RUNPATH_SEARCH_PATHS = (
					"$(inherited)",
					"@executable_path/Frameworks",
				);
				PRODUCT_BUNDLE_IDENTIFIER = AlexanderNovikov.MapsGB;
				PRODUCT_NAME = "$(TARGET_NAME)";
				SWIFT_VERSION = 5.0;
				TARGETED_DEVICE_FAMILY = "1,2";
			};
			name = Debug;
		};
		7C467F4B26D5157900982D27 /* Release */ = {
			isa = XCBuildConfiguration;
			baseConfigurationReference = ACAB7EEC6C7E18A1DCF1642F /* Pods-MapsGB.release.xcconfig */;
			buildSettings = {
				ASSETCATALOG_COMPILER_APPICON_NAME = AppIcon;
				ASSETCATALOG_COMPILER_GLOBAL_ACCENT_COLOR_NAME = AccentColor;
				CODE_SIGN_STYLE = Automatic;
				INFOPLIST_FILE = MapsGB/Info.plist;
				LD_RUNPATH_SEARCH_PATHS = (
					"$(inherited)",
					"@executable_path/Frameworks",
				);
				PRODUCT_BUNDLE_IDENTIFIER = AlexanderNovikov.MapsGB;
				PRODUCT_NAME = "$(TARGET_NAME)";
				SWIFT_VERSION = 5.0;
				TARGETED_DEVICE_FAMILY = "1,2";
			};
			name = Release;
		};
/* End XCBuildConfiguration section */

/* Begin XCConfigurationList section */
		7C467F3026D5157600982D27 /* Build configuration list for PBXProject "MapsGB" */ = {
			isa = XCConfigurationList;
			buildConfigurations = (
				7C467F4726D5157900982D27 /* Debug */,
				7C467F4826D5157900982D27 /* Release */,
			);
			defaultConfigurationIsVisible = 0;
			defaultConfigurationName = Release;
		};
		7C467F4926D5157900982D27 /* Build configuration list for PBXNativeTarget "MapsGB" */ = {
			isa = XCConfigurationList;
			buildConfigurations = (
				7C467F4A26D5157900982D27 /* Debug */,
				7C467F4B26D5157900982D27 /* Release */,
			);
			defaultConfigurationIsVisible = 0;
			defaultConfigurationName = Release;
		};
/* End XCConfigurationList section */
	};
	rootObject = 7C467F2D26D5157600982D27 /* Project object */;
}
